
Microsoft Visual Studio Solution File, Format Version 12.00
# Visual Studio Version 17
VisualStudioVersion = 17.0.31903.59
MinimumVisualStudioVersion = 10.0.40219.1
Project("{2150E333-8FDC-42A3-9474-1A3956D46DE8}") = "src", "src", "{827E0CD3-B72D-47B6-A68D-7590B98EB39B}"
EndProject
Project("{FAE04EC0-301F-11D3-BF4B-00C04F79EFBC}") = "Api", "src\Api\Api.csproj", "{DED8C82F-65F9-4E59-AE77-A8FD78E821C5}"
EndProject
Project("{FAE04EC0-301F-11D3-BF4B-00C04F79EFBC}") = "Application", "src\Application\Application.csproj", "{B548FAC2-8135-45B7-B35C-A20FFF7276F7}"
EndProject
Project("{FAE04EC0-301F-11D3-BF4B-00C04F79EFBC}") = "Domain", "src\Domain\Domain.csproj", "{77D93A20-8ABD-479C-9ABB-E92C11CC4E31}"
EndProject
Project("{FAE04EC0-301F-11D3-BF4B-00C04F79EFBC}") = "Infrastructure", "src\Infrastructure\Infrastructure.csproj", "{814692AC-49C0-469F-B5F1-1FDEFDA7D392}"
EndProject
Project("{2150E333-8FDC-42A3-9474-1A3956D46DE8}") = "tests", "tests", "{0AB3BF05-4346-4AA6-1389-037BE0695223}"
EndProject
Project("{2150E333-8FDC-42A3-9474-1A3956D46DE8}") = "Unit", "Unit", "{9D556B49-86D1-93A7-9596-FFAAB74EC556}"
EndProject
Project("{FAE04EC0-301F-11D3-BF4B-00C04F79EFBC}") = "Unit.Tests", "tests\Unit\Unit.Tests.csproj", "{0146F723-E3CF-435F-987F-579E7E97C31F}"
EndProject
Project("{2150E333-8FDC-42A3-9474-1A3956D46DE8}") = "Application", "Application", "{B611CC27-D592-8FDF-F9F1-D39D131BCC02}"
EndProject
Project("{FAE04EC0-301F-11D3-BF4B-00C04F79EFBC}") = "Application.Tests", "tests\Application\Application.Tests.csproj", "{41C33523-2FDD-47A5-8AA9-29777C6E319C}"
EndProject
Project("{2150E333-8FDC-42A3-9474-1A3956D46DE8}") = "Architecture", "Architecture", "{875CD587-DE2F-08EE-74FB-D6BE4E474EF3}"
EndProject
Project("{FAE04EC0-301F-11D3-BF4B-00C04F79EFBC}") = "Architecture.Tests", "tests\Architecture\Architecture.Tests.csproj", "{BCF780A7-626B-46A4-94ED-92B4EF5FC03E}"
EndProject
Project("{2150E333-8FDC-42A3-9474-1A3956D46DE8}") = "Api", "Api", "{97094B24-3C9A-C0DB-C982-4A4025DE3508}"
EndProject
Project("{FAE04EC0-301F-11D3-BF4B-00C04F79EFBC}") = "Api.Tests", "tests\Api\Api.Tests.csproj", "{94CAE9EA-C5DF-4081-9FC0-05D3C8ADA854}"
EndProject
Project("{2150E333-8FDC-42A3-9474-1A3956D46DE8}") = "Contract", "Contract", "{53506FF3-1087-91DB-5731-19A6F3C92276}"
EndProject
Project("{FAE04EC0-301F-11D3-BF4B-00C04F79EFBC}") = "Contract.Tests", "tests\Contract\Contract.Tests.csproj", "{A0CF37C7-2FCF-4976-B274-A093C9EDB80B}"
EndProject
Global
	GlobalSection(SolutionConfigurationPlatforms) = preSolution
		Debug|Any CPU = Debug|Any CPU
		Debug|x64 = Debug|x64
		Debug|x86 = Debug|x86
		Release|Any CPU = Release|Any CPU
		Release|x64 = Release|x64
		Release|x86 = Release|x86
	EndGlobalSection
	GlobalSection(ProjectConfigurationPlatforms) = postSolution
		{DED8C82F-65F9-4E59-AE77-A8FD78E821C5}.Debug|Any CPU.ActiveCfg = Debug|Any CPU
		{DED8C82F-65F9-4E59-AE77-A8FD78E821C5}.Debug|Any CPU.Build.0 = Debug|Any CPU
		{DED8C82F-65F9-4E59-AE77-A8FD78E821C5}.Debug|x64.ActiveCfg = Debug|Any CPU
		{DED8C82F-65F9-4E59-AE77-A8FD78E821C5}.Debug|x64.Build.0 = Debug|Any CPU
		{DED8C82F-65F9-4E59-AE77-A8FD78E821C5}.Debug|x86.ActiveCfg = Debug|Any CPU
		{DED8C82F-65F9-4E59-AE77-A8FD78E821C5}.Debug|x86.Build.0 = Debug|Any CPU
		{DED8C82F-65F9-4E59-AE77-A8FD78E821C5}.Release|Any CPU.ActiveCfg = Release|Any CPU
		{DED8C82F-65F9-4E59-AE77-A8FD78E821C5}.Release|Any CPU.Build.0 = Release|Any CPU
		{DED8C82F-65F9-4E59-AE77-A8FD78E821C5}.Release|x64.ActiveCfg = Release|Any CPU
		{DED8C82F-65F9-4E59-AE77-A8FD78E821C5}.Release|x64.Build.0 = Release|Any CPU
		{DED8C82F-65F9-4E59-AE77-A8FD78E821C5}.Release|x86.ActiveCfg = Release|Any CPU
		{DED8C82F-65F9-4E59-AE77-A8FD78E821C5}.Release|x86.Build.0 = Release|Any CPU
		{B548FAC2-8135-45B7-B35C-A20FFF7276F7}.Debug|Any CPU.ActiveCfg = Debug|Any CPU
		{B548FAC2-8135-45B7-B35C-A20FFF7276F7}.Debug|Any CPU.Build.0 = Debug|Any CPU
		{B548FAC2-8135-45B7-B35C-A20FFF7276F7}.Debug|x64.ActiveCfg = Debug|Any CPU
		{B548FAC2-8135-45B7-B35C-A20FFF7276F7}.Debug|x64.Build.0 = Debug|Any CPU
		{B548FAC2-8135-45B7-B35C-A20FFF7276F7}.Debug|x86.ActiveCfg = Debug|Any CPU
		{B548FAC2-8135-45B7-B35C-A20FFF7276F7}.Debug|x86.Build.0 = Debug|Any CPU
		{B548FAC2-8135-45B7-B35C-A20FFF7276F7}.Release|Any CPU.ActiveCfg = Release|Any CPU
		{B548FAC2-8135-45B7-B35C-A20FFF7276F7}.Release|Any CPU.Build.0 = Release|Any CPU
		{B548FAC2-8135-45B7-B35C-A20FFF7276F7}.Release|x64.ActiveCfg = Release|Any CPU
		{B548FAC2-8135-45B7-B35C-A20FFF7276F7}.Release|x64.Build.0 = Release|Any CPU
		{B548FAC2-8135-45B7-B35C-A20FFF7276F7}.Release|x86.ActiveCfg = Release|Any CPU
		{B548FAC2-8135-45B7-B35C-A20FFF7276F7}.Release|x86.Build.0 = Release|Any CPU
		{77D93A20-8ABD-479C-9ABB-E92C11CC4E31}.Debug|Any CPU.ActiveCfg = Debug|Any CPU
		{77D93A20-8ABD-479C-9ABB-E92C11CC4E31}.Debug|Any CPU.Build.0 = Debug|Any CPU
		{77D93A20-8ABD-479C-9ABB-E92C11CC4E31}.Debug|x64.ActiveCfg = Debug|Any CPU
		{77D93A20-8ABD-479C-9ABB-E92C11CC4E31}.Debug|x64.Build.0 = Debug|Any CPU
		{77D93A20-8ABD-479C-9ABB-E92C11CC4E31}.Debug|x86.ActiveCfg = Debug|Any CPU
		{77D93A20-8ABD-479C-9ABB-E92C11CC4E31}.Debug|x86.Build.0 = Debug|Any CPU
		{77D93A20-8ABD-479C-9ABB-E92C11CC4E31}.Release|Any CPU.ActiveCfg = Release|Any CPU
		{77D93A20-8ABD-479C-9ABB-E92C11CC4E31}.Release|Any CPU.Build.0 = Release|Any CPU
		{77D93A20-8ABD-479C-9ABB-E92C11CC4E31}.Release|x64.ActiveCfg = Release|Any CPU
		{77D93A20-8ABD-479C-9ABB-E92C11CC4E31}.Release|x64.Build.0 = Release|Any CPU
		{77D93A20-8ABD-479C-9ABB-E92C11CC4E31}.Release|x86.ActiveCfg = Release|Any CPU
		{77D93A20-8ABD-479C-9ABB-E92C11CC4E31}.Release|x86.Build.0 = Release|Any CPU
		{814692AC-49C0-469F-B5F1-1FDEFDA7D392}.Debug|Any CPU.ActiveCfg = Debug|Any CPU
		{814692AC-49C0-469F-B5F1-1FDEFDA7D392}.Debug|Any CPU.Build.0 = Debug|Any CPU
		{814692AC-49C0-469F-B5F1-1FDEFDA7D392}.Debug|x64.ActiveCfg = Debug|Any CPU
		{814692AC-49C0-469F-B5F1-1FDEFDA7D392}.Debug|x64.Build.0 = Debug|Any CPU
		{814692AC-49C0-469F-B5F1-1FDEFDA7D392}.Debug|x86.ActiveCfg = Debug|Any CPU
		{814692AC-49C0-469F-B5F1-1FDEFDA7D392}.Debug|x86.Build.0 = Debug|Any CPU
		{814692AC-49C0-469F-B5F1-1FDEFDA7D392}.Release|Any CPU.ActiveCfg = Release|Any CPU
		{814692AC-49C0-469F-B5F1-1FDEFDA7D392}.Release|Any CPU.Build.0 = Release|Any CPU
		{814692AC-49C0-469F-B5F1-1FDEFDA7D392}.Release|x64.ActiveCfg = Release|Any CPU
		{814692AC-49C0-469F-B5F1-1FDEFDA7D392}.Release|x64.Build.0 = Release|Any CPU
		{814692AC-49C0-469F-B5F1-1FDEFDA7D392}.Release|x86.ActiveCfg = Release|Any CPU
		{814692AC-49C0-469F-B5F1-1FDEFDA7D392}.Release|x86.Build.0 = Release|Any CPU
		{0146F723-E3CF-435F-987F-579E7E97C31F}.Debug|Any CPU.ActiveCfg = Debug|Any CPU
		{0146F723-E3CF-435F-987F-579E7E97C31F}.Debug|Any CPU.Build.0 = Debug|Any CPU
		{0146F723-E3CF-435F-987F-579E7E97C31F}.Debug|x64.ActiveCfg = Debug|Any CPU
		{0146F723-E3CF-435F-987F-579E7E97C31F}.Debug|x64.Build.0 = Debug|Any CPU
		{0146F723-E3CF-435F-987F-579E7E97C31F}.Debug|x86.ActiveCfg = Debug|Any CPU
		{0146F723-E3CF-435F-987F-579E7E97C31F}.Debug|x86.Build.0 = Debug|Any CPU
		{0146F723-E3CF-435F-987F-579E7E97C31F}.Release|Any CPU.ActiveCfg = Release|Any CPU
		{0146F723-E3CF-435F-987F-579E7E97C31F}.Release|Any CPU.Build.0 = Release|Any CPU
		{0146F723-E3CF-435F-987F-579E7E97C31F}.Release|x64.ActiveCfg = Release|Any CPU
		{0146F723-E3CF-435F-987F-579E7E97C31F}.Release|x64.Build.0 = Release|Any CPU
		{0146F723-E3CF-435F-987F-579E7E97C31F}.Release|x86.ActiveCfg = Release|Any CPU
		{0146F723-E3CF-435F-987F-579E7E97C31F}.Release|x86.Build.0 = Release|Any CPU
		{41C33523-2FDD-47A5-8AA9-29777C6E319C}.Debug|Any CPU.ActiveCfg = Debug|Any CPU
		{41C33523-2FDD-47A5-8AA9-29777C6E319C}.Debug|Any CPU.Build.0 = Debug|Any CPU
		{41C33523-2FDD-47A5-8AA9-29777C6E319C}.Debug|x64.ActiveCfg = Debug|Any CPU
		{41C33523-2FDD-47A5-8AA9-29777C6E319C}.Debug|x64.Build.0 = Debug|Any CPU
		{41C33523-2FDD-47A5-8AA9-29777C6E319C}.Debug|x86.ActiveCfg = Debug|Any CPU
		{41C33523-2FDD-47A5-8AA9-29777C6E319C}.Debug|x86.Build.0 = Debug|Any CPU
		{41C33523-2FDD-47A5-8AA9-29777C6E319C}.Release|Any CPU.ActiveCfg = Release|Any CPU
		{41C33523-2FDD-47A5-8AA9-29777C6E319C}.Release|Any CPU.Build.0 = Release|Any CPU
		{41C33523-2FDD-47A5-8AA9-29777C6E319C}.Release|x64.ActiveCfg = Release|Any CPU
		{41C33523-2FDD-47A5-8AA9-29777C6E319C}.Release|x64.Build.0 = Release|Any CPU
		{41C33523-2FDD-47A5-8AA9-29777C6E319C}.Release|x86.ActiveCfg = Release|Any CPU
		{41C33523-2FDD-47A5-8AA9-29777C6E319C}.Release|x86.Build.0 = Release|Any CPU
		{BCF780A7-626B-46A4-94ED-92B4EF5FC03E}.Debug|Any CPU.ActiveCfg = Debug|Any CPU
		{BCF780A7-626B-46A4-94ED-92B4EF5FC03E}.Debug|Any CPU.Build.0 = Debug|Any CPU
		{BCF780A7-626B-46A4-94ED-92B4EF5FC03E}.Debug|x64.ActiveCfg = Debug|Any CPU
		{BCF780A7-626B-46A4-94ED-92B4EF5FC03E}.Debug|x64.Build.0 = Debug|Any CPU
		{BCF780A7-626B-46A4-94ED-92B4EF5FC03E}.Debug|x86.ActiveCfg = Debug|Any CPU
		{BCF780A7-626B-46A4-94ED-92B4EF5FC03E}.Debug|x86.Build.0 = Debug|Any CPU
		{BCF780A7-626B-46A4-94ED-92B4EF5FC03E}.Release|Any CPU.ActiveCfg = Release|Any CPU
		{BCF780A7-626B-46A4-94ED-92B4EF5FC03E}.Release|Any CPU.Build.0 = Release|Any CPU
		{BCF780A7-626B-46A4-94ED-92B4EF5FC03E}.Release|x64.ActiveCfg = Release|Any CPU
		{BCF780A7-626B-46A4-94ED-92B4EF5FC03E}.Release|x64.Build.0 = Release|Any CPU
		{BCF780A7-626B-46A4-94ED-92B4EF5FC03E}.Release|x86.ActiveCfg = Release|Any CPU
		{BCF780A7-626B-46A4-94ED-92B4EF5FC03E}.Release|x86.Build.0 = Release|Any CPU
		{94CAE9EA-C5DF-4081-9FC0-05D3C8ADA854}.Debug|Any CPU.ActiveCfg = Debug|Any CPU
		{94CAE9EA-C5DF-4081-9FC0-05D3C8ADA854}.Debug|Any CPU.Build.0 = Debug|Any CPU
		{94CAE9EA-C5DF-4081-9FC0-05D3C8ADA854}.Debug|x64.ActiveCfg = Debug|Any CPU
		{94CAE9EA-C5DF-4081-9FC0-05D3C8ADA854}.Debug|x64.Build.0 = Debug|Any CPU
		{94CAE9EA-C5DF-4081-9FC0-05D3C8ADA854}.Debug|x86.ActiveCfg = Debug|Any CPU
		{94CAE9EA-C5DF-4081-9FC0-05D3C8ADA854}.Debug|x86.Build.0 = Debug|Any CPU
		{94CAE9EA-C5DF-4081-9FC0-05D3C8ADA854}.Release|Any CPU.ActiveCfg = Release|Any CPU
		{94CAE9EA-C5DF-4081-9FC0-05D3C8ADA854}.Release|Any CPU.Build.0 = Release|Any CPU
		{94CAE9EA-C5DF-4081-9FC0-05D3C8ADA854}.Release|x64.ActiveCfg = Release|Any CPU
		{94CAE9EA-C5DF-4081-9FC0-05D3C8ADA854}.Release|x64.Build.0 = Release|Any CPU
		{94CAE9EA-C5DF-4081-9FC0-05D3C8ADA854}.Release|x86.ActiveCfg = Release|Any CPU
		{94CAE9EA-C5DF-4081-9FC0-05D3C8ADA854}.Release|x86.Build.0 = Release|Any CPU
		{A0CF37C7-2FCF-4976-B274-A093C9EDB80B}.Debug|Any CPU.ActiveCfg = Debug|Any CPU
		{A0CF37C7-2FCF-4976-B274-A093C9EDB80B}.Debug|Any CPU.Build.0 = Debug|Any CPU
		{A0CF37C7-2FCF-4976-B274-A093C9EDB80B}.Debug|x64.ActiveCfg = Debug|Any CPU
		{A0CF37C7-2FCF-4976-B274-A093C9EDB80B}.Debug|x64.Build.0 = Debug|Any CPU
		{A0CF37C7-2FCF-4976-B274-A093C9EDB80B}.Debug|x86.ActiveCfg = Debug|Any CPU
		{A0CF37C7-2FCF-4976-B274-A093C9EDB80B}.Debug|x86.Build.0 = Debug|Any CPU
		{A0CF37C7-2FCF-4976-B274-A093C9EDB80B}.Release|Any CPU.ActiveCfg = Release|Any CPU
		{A0CF37C7-2FCF-4976-B274-A093C9EDB80B}.Release|Any CPU.Build.0 = Release|Any CPU
		{A0CF37C7-2FCF-4976-B274-A093C9EDB80B}.Release|x64.ActiveCfg = Release|Any CPU
		{A0CF37C7-2FCF-4976-B274-A093C9EDB80B}.Release|x64.Build.0 = Release|Any CPU
		{A0CF37C7-2FCF-4976-B274-A093C9EDB80B}.Release|x86.ActiveCfg = Release|Any CPU
		{A0CF37C7-2FCF-4976-B274-A093C9EDB80B}.Release|x86.Build.0 = Release|Any CPU
	EndGlobalSection
	GlobalSection(SolutionProperties) = preSolution
		HideSolutionNode = FALSE
	EndGlobalSection
	GlobalSection(NestedProjects) = preSolution
		{DED8C82F-65F9-4E59-AE77-A8FD78E821C5} = {827E0CD3-B72D-47B6-A68D-7590B98EB39B}
		{B548FAC2-8135-45B7-B35C-A20FFF7276F7} = {827E0CD3-B72D-47B6-A68D-7590B98EB39B}
		{77D93A20-8ABD-479C-9ABB-E92C11CC4E31} = {827E0CD3-B72D-47B6-A68D-7590B98EB39B}
		{814692AC-49C0-469F-B5F1-1FDEFDA7D392} = {827E0CD3-B72D-47B6-A68D-7590B98EB39B}
		{9D556B49-86D1-93A7-9596-FFAAB74EC556} = {0AB3BF05-4346-4AA6-1389-037BE0695223}
		{0146F723-E3CF-435F-987F-579E7E97C31F} = {9D556B49-86D1-93A7-9596-FFAAB74EC556}
		{B611CC27-D592-8FDF-F9F1-D39D131BCC02} = {0AB3BF05-4346-4AA6-1389-037BE0695223}
		{41C33523-2FDD-47A5-8AA9-29777C6E319C} = {B611CC27-D592-8FDF-F9F1-D39D131BCC02}
		{875CD587-DE2F-08EE-74FB-D6BE4E474EF3} = {0AB3BF05-4346-4AA6-1389-037BE0695223}
		{BCF780A7-626B-46A4-94ED-92B4EF5FC03E} = {875CD587-DE2F-08EE-74FB-D6BE4E474EF3}
		{97094B24-3C9A-C0DB-C982-4A4025DE3508} = {0AB3BF05-4346-4AA6-1389-037BE0695223}
		{94CAE9EA-C5DF-4081-9FC0-05D3C8ADA854} = {97094B24-3C9A-C0DB-C982-4A4025DE3508}
		{53506FF3-1087-91DB-5731-19A6F3C92276} = {0AB3BF05-4346-4AA6-1389-037BE0695223}
		{A0CF37C7-2FCF-4976-B274-A093C9EDB80B} = {53506FF3-1087-91DB-5731-19A6F3C92276}
	EndGlobalSection
EndGlobal
